
Microsoft Visual Studio Solution File, Format Version 12.00
# Visual Studio Version 17
VisualStudioVersion = 17.2.32602.215
MinimumVisualStudioVersion = 10.0.40219.1
Project("{FAE04EC0-301F-11D3-BF4B-00C04F79EFBC}") = "PP2Audio", "PP2Audio\PP2Audio.csproj", "{06A20A61-87AF-4A0B-98EC-0891394AF6B3}"
EndProject
Global
	GlobalSection(SolutionConfigurationPlatforms) = preSolution
		Debug|Any CPU = Debug|Any CPU
		Release|Any CPU = Release|Any CPU
	EndGlobalSection
	GlobalSection(ProjectConfigurationPlatforms) = postSolution
		{06A20A61-87AF-4A0B-98EC-0891394AF6B3}.Debug|Any CPU.ActiveCfg = Debug|Any CPU
		{06A20A61-87AF-4A0B-98EC-0891394AF6B3}.Debug|Any CPU.Build.0 = Debug|Any CPU
		{06A20A61-87AF-4A0B-98EC-0891394AF6B3}.Release|Any CPU.ActiveCfg = Release|Any CPU
		{06A20A61-87AF-4A0B-98EC-0891394AF6B3}.Release|Any CPU.Build.0 = Release|Any CPU
	EndGlobalSection
	GlobalSection(SolutionProperties) = preSolution
		HideSolutionNode = FALSE
	EndGlobalSection
	GlobalSection(ExtensibilityGlobals) = postSolution
		SolutionGuid = {DDE0756A-280D-40F2-A580-000B9BFD2108}
	EndGlobalSection
EndGlobal
